
Microsoft Visual Studio Solution File, Format Version 12.00
# Visual Studio 15
VisualStudioVersion = 15.0.27703.2018
MinimumVisualStudioVersion = 10.0.40219.1
Project("{FAE04EC0-301F-11D3-BF4B-00C04F79EFBC}") = "WebApplication1", "WebApplication1\WebApplication1.csproj", "{9A9A8A75-2921-4740-989A-0D6E45BD4E3B}"
EndProject
Project("{FAE04EC0-301F-11D3-BF4B-00C04F79EFBC}") = "XUnit.Test", "XUnitTestProject2\XUnit.Test.csproj", "{AACD260A-9F4B-478E-B590-28EEFDAFAA8D}"
EndProject
Global
	GlobalSection(SolutionConfigurationPlatforms) = preSolution
		Debug|Any CPU = Debug|Any CPU
		Release|Any CPU = Release|Any CPU
	EndGlobalSection
	GlobalSection(ProjectConfigurationPlatforms) = postSolution
		{9A9A8A75-2921-4740-989A-0D6E45BD4E3B}.Debug|Any CPU.ActiveCfg = Debug|Any CPU
		{9A9A8A75-2921-4740-989A-0D6E45BD4E3B}.Debug|Any CPU.Build.0 = Debug|Any CPU
		{9A9A8A75-2921-4740-989A-0D6E45BD4E3B}.Release|Any CPU.ActiveCfg = Release|Any CPU
		{9A9A8A75-2921-4740-989A-0D6E45BD4E3B}.Release|Any CPU.Build.0 = Release|Any CPU
		{AACD260A-9F4B-478E-B590-28EEFDAFAA8D}.Debug|Any CPU.ActiveCfg = Debug|Any CPU
		{AACD260A-9F4B-478E-B590-28EEFDAFAA8D}.Debug|Any CPU.Build.0 = Debug|Any CPU
		{AACD260A-9F4B-478E-B590-28EEFDAFAA8D}.Release|Any CPU.ActiveCfg = Release|Any CPU
		{AACD260A-9F4B-478E-B590-28EEFDAFAA8D}.Release|Any CPU.Build.0 = Release|Any CPU
	EndGlobalSection
	GlobalSection(SolutionProperties) = preSolution
		HideSolutionNode = FALSE
	EndGlobalSection
	GlobalSection(ExtensibilityGlobals) = postSolution
		SolutionGuid = {8747FE15-F8EB-45F9-83EE-68E76AF1E1D4}
	EndGlobalSection
EndGlobal
